// !$*UTF8*$!
{
	archiveVersion = 1;
	classes = {
	};
	objectVersion = 55;
	objects = {

/* Begin PBXBuildFile section */
		5B71D3E2281D9AD200B89F77 /* ColorPickerSUIApp.swift in Sources */ = {isa = PBXBuildFile; fileRef = 5B71D3E1281D9AD200B89F77 /* ColorPickerSUIApp.swift */; };
		5B71D3E4281D9AD200B89F77 /* ContentView.swift in Sources */ = {isa = PBXBuildFile; fileRef = 5B71D3E3281D9AD200B89F77 /* ContentView.swift */; };
		5B71D3E6281D9AD400B89F77 /* Assets.xcassets in Resources */ = {isa = PBXBuildFile; fileRef = 5B71D3E5281D9AD400B89F77 /* Assets.xcassets */; };
		5B71D3E9281D9AD400B89F77 /* Preview Assets.xcassets in Resources */ = {isa = PBXBuildFile; fileRef = 5B71D3E8281D9AD400B89F77 /* Preview Assets.xcassets */; };
		5B71D404281E813A00B89F77 /* ColorValueTextView.swift in Sources */ = {isa = PBXBuildFile; fileRef = 5B71D403281E813A00B89F77 /* ColorValueTextView.swift */; };
		5B71D406281E816400B89F77 /* ColorValueTFView.swift in Sources */ = {isa = PBXBuildFile; fileRef = 5B71D405281E816400B89F77 /* ColorValueTFView.swift */; };
		5B71D408281E819200B89F77 /* ColorSliderView.swift in Sources */ = {isa = PBXBuildFile; fileRef = 5B71D407281E819200B89F77 /* ColorSliderView.swift */; };
		5B71D40A281E81EA00B89F77 /* ColorView.swift in Sources */ = {isa = PBXBuildFile; fileRef = 5B71D409281E81EA00B89F77 /* ColorView.swift */; };
/* End PBXBuildFile section */

/* Begin PBXFileReference section */
		5B71D3DE281D9AD200B89F77 /* ColorPickerSUI.app */ = {isa = PBXFileReference; explicitFileType = wrapper.application; includeInIndex = 0; path = ColorPickerSUI.app; sourceTree = BUILT_PRODUCTS_DIR; };
		5B71D3E1281D9AD200B89F77 /* ColorPickerSUIApp.swift */ = {isa = PBXFileReference; lastKnownFileType = sourcecode.swift; path = ColorPickerSUIApp.swift; sourceTree = "<group>"; };
		5B71D3E3281D9AD200B89F77 /* ContentView.swift */ = {isa = PBXFileReference; lastKnownFileType = sourcecode.swift; path = ContentView.swift; sourceTree = "<group>"; };
		5B71D3E5281D9AD400B89F77 /* Assets.xcassets */ = {isa = PBXFileReference; lastKnownFileType = folder.assetcatalog; path = Assets.xcassets; sourceTree = "<group>"; };
		5B71D3E8281D9AD400B89F77 /* Preview Assets.xcassets */ = {isa = PBXFileReference; lastKnownFileType = folder.assetcatalog; path = "Preview Assets.xcassets"; sourceTree = "<group>"; };
		5B71D403281E813A00B89F77 /* ColorValueTextView.swift */ = {isa = PBXFileReference; lastKnownFileType = sourcecode.swift; path = ColorValueTextView.swift; sourceTree = "<group>"; };
		5B71D405281E816400B89F77 /* ColorValueTFView.swift */ = {isa = PBXFileReference; lastKnownFileType = sourcecode.swift; path = ColorValueTFView.swift; sourceTree = "<group>"; };
		5B71D407281E819200B89F77 /* ColorSliderView.swift */ = {isa = PBXFileReference; lastKnownFileType = sourcecode.swift; path = ColorSliderView.swift; sourceTree = "<group>"; };
		5B71D409281E81EA00B89F77 /* ColorView.swift */ = {isa = PBXFileReference; lastKnownFileType = sourcecode.swift; path = ColorView.swift; sourceTree = "<group>"; };
/* End PBXFileReference section */

/* Begin PBXFrameworksBuildPhase section */
		5B71D3DB281D9AD200B89F77 /* Frameworks */ = {
			isa = PBXFrameworksBuildPhase;
			buildActionMask = 2147483647;
			files = (
			);
			runOnlyForDeploymentPostprocessing = 0;
		};
/* End PBXFrameworksBuildPhase section */

/* Begin PBXGroup section */
		5B71D3D5281D9AD200B89F77 = {
			isa = PBXGroup;
			children = (
				5B71D3E0281D9AD200B89F77 /* ColorPickerSUI */,
				5B71D3DF281D9AD200B89F77 /* Products */,
			);
			sourceTree = "<group>";
		};
		5B71D3DF281D9AD200B89F77 /* Products */ = {
			isa = PBXGroup;
			children = (
				5B71D3DE281D9AD200B89F77 /* ColorPickerSUI.app */,
			);
			name = Products;
			sourceTree = "<group>";
		};
		5B71D3E0281D9AD200B89F77 /* ColorPickerSUI */ = {
			isa = PBXGroup;
			children = (
				5B71D3E1281D9AD200B89F77 /* ColorPickerSUIApp.swift */,
				5B71D3E3281D9AD200B89F77 /* ContentView.swift */,
				5B71D3E5281D9AD400B89F77 /* Assets.xcassets */,
				5B71D3E7281D9AD400B89F77 /* Preview Content */,
				5B71D403281E813A00B89F77 /* ColorValueTextView.swift */,
				5B71D405281E816400B89F77 /* ColorValueTFView.swift */,
				5B71D407281E819200B89F77 /* ColorSliderView.swift */,
				5B71D409281E81EA00B89F77 /* ColorView.swift */,
			);
			path = ColorPickerSUI;
			sourceTree = "<group>";
		};
		5B71D3E7281D9AD400B89F77 /* Preview Content */ = {
			isa = PBXGroup;
			children = (
				5B71D3E8281D9AD400B89F77 /* Preview Assets.xcassets */,
			);
			path = "Preview Content";
			sourceTree = "<group>";
		};
/* End PBXGroup section */

/* Begin PBXNativeTarget section */
		5B71D3DD281D9AD200B89F77 /* ColorPickerSUI */ = {
			isa = PBXNativeTarget;
			buildConfigurationList = 5B71D3EC281D9AD400B89F77 /* Build configuration list for PBXNativeTarget "ColorPickerSUI" */;
			buildPhases = (
				5B71D3DA281D9AD200B89F77 /* Sources */,
				5B71D3DB281D9AD200B89F77 /* Frameworks */,
				5B71D3DC281D9AD200B89F77 /* Resources */,
			);
			buildRules = (
			);
			dependencies = (
			);
			name = ColorPickerSUI;
			productName = ColorPickerSUI;
			productReference = 5B71D3DE281D9AD200B89F77 /* ColorPickerSUI.app */;
			productType = "com.apple.product-type.application";
		};
/* End PBXNativeTarget section */

/* Begin PBXProject section */
		5B71D3D6281D9AD200B89F77 /* Project object */ = {
			isa = PBXProject;
			attributes = {
				BuildIndependentTargetsInParallel = 1;
				LastSwiftUpdateCheck = 1330;
				LastUpgradeCheck = 1330;
				TargetAttributes = {
					5B71D3DD281D9AD200B89F77 = {
						CreatedOnToolsVersion = 13.3.1;
					};
				};
			};
			buildConfigurationList = 5B71D3D9281D9AD200B89F77 /* Build configuration list for PBXProject "ColorPickerSUI" */;
			compatibilityVersion = "Xcode 13.0";
			developmentRegion = en;
			hasScannedForEncodings = 0;
			knownRegions = (
				en,
				Base,
			);
			mainGroup = 5B71D3D5281D9AD200B89F77;
			productRefGroup = 5B71D3DF281D9AD200B89F77 /* Products */;
			projectDirPath = "";
			projectRoot = "";
			targets = (
				5B71D3DD281D9AD200B89F77 /* ColorPickerSUI */,
			);
		};
/* End PBXProject section */

/* Begin PBXResourcesBuildPhase section */
		5B71D3DC281D9AD200B89F77 /* Resources */ = {
			isa = PBXResourcesBuildPhase;
			buildActionMask = 2147483647;
			files = (
				5B71D3E9281D9AD400B89F77 /* Preview Assets.xcassets in Resources */,
				5B71D3E6281D9AD400B89F77 /* Assets.xcassets in Resources */,
			);
			runOnlyForDeploymentPostprocessing = 0;
		};
/* End PBXResourcesBuildPhase section */

/* Begin PBXSourcesBuildPhase section */
		5B71D3DA281D9AD200B89F77 /* Sources */ = {
			isa = PBXSourcesBuildPhase;
			buildActionMask = 2147483647;
			files = (
				5B71D408281E819200B89F77 /* ColorSliderView.swift in Sources */,
				5B71D3E4281D9AD200B89F77 /* ContentView.swift in Sources */,
				5B71D406281E816400B89F77 /* ColorValueTFView.swift in Sources */,
				5B71D40A281E81EA00B89F77 /* ColorView.swift in Sources */,
				5B71D404281E813A00B89F77 /* ColorValueTextView.swift in Sources */,
				5B71D3E2281D9AD200B89F77 /* ColorPickerSUIApp.swift in Sources */,
			);
			runOnlyForDeploymentPostprocessing = 0;
		};
/* End PBXSourcesBuildPhase section */

/* Begin XCBuildConfiguration section */
		5B71D3EA281D9AD400B89F77 /* Debug */ = {
			isa = XCBuildConfiguration;
			buildSettings = {
				ALWAYS_SEARCH_USER_PATHS = NO;
				CLANG_ANALYZER_NONNULL = YES;
				CLANG_ANALYZER_NUMBER_OBJECT_CONVERSION = YES_AGGRESSIVE;
				CLANG_CXX_LANGUAGE_STANDARD = "gnu++17";
				CLANG_ENABLE_MODULES = YES;
				CLANG_ENABLE_OBJC_ARC = YES;
				CLANG_ENABLE_OBJC_WEAK = YES;
				CLANG_WARN_BLOCK_CAPTURE_AUTORELEASING = YES;
				CLANG_WARN_BOOL_CONVERSION = YES;
				CLANG_WARN_COMMA = YES;
				CLANG_WARN_CONSTANT_CONVERSION = YES;
				CLANG_WARN_DEPRECATED_OBJC_IMPLEMENTATIONS = YES;
				CLANG_WARN_DIRECT_OBJC_ISA_USAGE = YES_ERROR;
				CLANG_WARN_DOCUMENTATION_COMMENTS = YES;
				CLANG_WARN_EMPTY_BODY = YES;
				CLANG_WARN_ENUM_CONVERSION = YES;
				CLANG_WARN_INFINITE_RECURSION = YES;
				CLANG_WARN_INT_CONVERSION = YES;
				CLANG_WARN_NON_LITERAL_NULL_CONVERSION = YES;
				CLANG_WARN_OBJC_IMPLICIT_RETAIN_SELF = YES;
				CLANG_WARN_OBJC_LITERAL_CONVERSION = YES;
				CLANG_WARN_OBJC_ROOT_CLASS = YES_ERROR;
				CLANG_WARN_QUOTED_INCLUDE_IN_FRAMEWORK_HEADER = YES;
				CLANG_WARN_RANGE_LOOP_ANALYSIS = YES;
				CLANG_WARN_STRICT_PROTOTYPES = YES;
				CLANG_WARN_SUSPICIOUS_MOVE = YES;
				CLANG_WARN_UNGUARDED_AVAILABILITY = YES_AGGRESSIVE;
				CLANG_WARN_UNREACHABLE_CODE = YES;
				CLANG_WARN__DUPLICATE_METHOD_MATCH = YES;
				COPY_PHASE_STRIP = NO;
				DEBUG_INFORMATION_FORMAT = dwarf;
				ENABLE_STRICT_OBJC_MSGSEND = YES;
				ENABLE_TESTABILITY = YES;
				GCC_C_LANGUAGE_STANDARD = gnu11;
				GCC_DYNAMIC_NO_PIC = NO;
				GCC_NO_COMMON_BLOCKS = YES;
				GCC_OPTIMIZATION_LEVEL = 0;
				GCC_PREPROCESSOR_DEFINITIONS = (
					"DEBUG=1",
					"$(inherited)",
				);
				GCC_WARN_64_TO_32_BIT_CONVERSION = YES;
				GCC_WARN_ABOUT_RETURN_TYPE = YES_ERROR;
				GCC_WARN_UNDECLARED_SELECTOR = YES;
				GCC_WARN_UNINITIALIZED_AUTOS = YES_AGGRESSIVE;
				GCC_WARN_UNUSED_FUNCTION = YES;
				GCC_WARN_UNUSED_VARIABLE = YES;
				IPHONEOS_DEPLOYMENT_TARGET = 15.4;
				MTL_ENABLE_DEBUG_INFO = INCLUDE_SOURCE;
				MTL_FAST_MATH = YES;
				ONLY_ACTIVE_ARCH = YES;
				SDKROOT = iphoneos;
				SWIFT_ACTIVE_COMPILATION_CONDITIONS = DEBUG;
				SWIFT_OPTIMIZATION_LEVEL = "-Onone";
			};
			name = Debug;
		};
		5B71D3EB281D9AD400B89F77 /* Release */ = {
			isa = XCBuildConfiguration;
			buildSettings = {
				ALWAYS_SEARCH_USER_PATHS = NO;
				CLANG_ANALYZER_NONNULL = YES;
				CLANG_ANALYZER_NUMBER_OBJECT_CONVERSION = YES_AGGRESSIVE;
				CLANG_CXX_LANGUAGE_STANDARD = "gnu++17";
				CLANG_ENABLE_MODULES = YES;
				CLANG_ENABLE_OBJC_ARC = YES;
				CLANG_ENABLE_OBJC_WEAK = YES;
				CLANG_WARN_BLOCK_CAPTURE_AUTORELEASING = YES;
				CLANG_WARN_BOOL_CONVERSION = YES;
				CLANG_WARN_COMMA = YES;
				CLANG_WARN_CONSTANT_CONVERSION = YES;
				CLANG_WARN_DEPRECATED_OBJC_IMPLEMENTATIONS = YES;
				CLANG_WARN_DIRECT_OBJC_ISA_USAGE = YES_ERROR;
				CLANG_WARN_DOCUMENTATION_COMMENTS = YES;
				CLANG_WARN_EMPTY_BODY = YES;
				CLANG_WARN_ENUM_CONVERSION = YES;
				CLANG_WARN_INFINITE_RECURSION = YES;
				CLANG_WARN_INT_CONVERSION = YES;
				CLANG_WARN_NON_LITERAL_NULL_CONVERSION = YES;
				CLANG_WARN_OBJC_IMPLICIT_RETAIN_SELF = YES;
				CLANG_WARN_OBJC_LITERAL_CONVERSION = YES;
				CLANG_WARN_OBJC_ROOT_CLASS = YES_ERROR;
				CLANG_WARN_QUOTED_INCLUDE_IN_FRAMEWORK_HEADER = YES;
				CLANG_WARN_RANGE_LOOP_ANALYSIS = YES;
				CLANG_WARN_STRICT_PROTOTYPES = YES;
				CLANG_WARN_SUSPICIOUS_MOVE = YES;
				CLANG_WARN_UNGUARDED_AVAILABILITY = YES_AGGRESSIVE;
				CLANG_WARN_UNREACHABLE_CODE = YES;
				CLANG_WARN__DUPLICATE_METHOD_MATCH = YES;
				COPY_PHASE_STRIP = NO;
				DEBUG_INFORMATION_FORMAT = "dwarf-with-dsym";
				ENABLE_NS_ASSERTIONS = NO;
				ENABLE_STRICT_OBJC_MSGSEND = YES;
				GCC_C_LANGUAGE_STANDARD = gnu11;
				GCC_NO_COMMON_BLOCKS = YES;
				GCC_WARN_64_TO_32_BIT_CONVERSION = YES;
				GCC_WARN_ABOUT_RETURN_TYPE = YES_ERROR;
				GCC_WARN_UNDECLARED_SELECTOR = YES;
				GCC_WARN_UNINITIALIZED_AUTOS = YES_AGGRESSIVE;
				GCC_WARN_UNUSED_FUNCTION = YES;
				GCC_WARN_UNUSED_VARIABLE = YES;
				IPHONEOS_DEPLOYMENT_TARGET = 15.4;
				MTL_ENABLE_DEBUG_INFO = NO;
				MTL_FAST_MATH = YES;
				SDKROOT = iphoneos;
				SWIFT_COMPILATION_MODE = wholemodule;
				SWIFT_OPTIMIZATION_LEVEL = "-O";
				VALIDATE_PRODUCT = YES;
			};
			name = Release;
		};
		5B71D3ED281D9AD400B89F77 /* Debug */ = {
			isa = XCBuildConfiguration;
			buildSettings = {
				ASSETCATALOG_COMPILER_APPICON_NAME = AppIcon;
				ASSETCATALOG_COMPILER_GLOBAL_ACCENT_COLOR_NAME = AccentColor;
				CODE_SIGN_STYLE = Automatic;
				CURRENT_PROJECT_VERSION = 1;
				DEVELOPMENT_ASSET_PATHS = "\"ColorPickerSUI/Preview Content\"";
				ENABLE_PREVIEWS = YES;
				GENERATE_INFOPLIST_FILE = YES;
				INFOPLIST_KEY_UIApplicationSceneManifest_Generation = YES;
				INFOPLIST_KEY_UIApplicationSupportsIndirectInputEvents = YES;
				INFOPLIST_KEY_UILaunchScreen_Generation = YES;
				INFOPLIST_KEY_UISupportedInterfaceOrientations_iPad = "UIInterfaceOrientationPortrait UIInterfaceOrientationPortraitUpsideDown UIInterfaceOrientationLandscapeLeft UIInterfaceOrientationLandscapeRight";
				INFOPLIST_KEY_UISupportedInterfaceOrientations_iPhone = "UIInterfaceOrientationPortrait UIInterfaceOrientationLandscapeLeft UIInterfaceOrientationLandscapeRight";
				LD_RUNPATH_SEARCH_PATHS = (
					"$(inherited)",
					"@executable_path/Frameworks",
				);
				MARKETING_VERSION = 1.0;
				PRODUCT_BUNDLE_IDENTIFIER = ru.rhiskey.ColorPickerSUI;
				PRODUCT_NAME = "$(TARGET_NAME)";
				SWIFT_EMIT_LOC_STRINGS = YES;
				SWIFT_VERSION = 5.0;
				TARGETED_DEVICE_FAMILY = "1,2";
			};
			name = Debug;
		};
		5B71D3EE281D9AD400B89F77 /* Release */ = {
			isa = XCBuildConfiguration;
			buildSettings = {
				ASSETCATALOG_COMPILER_APPICON_NAME = AppIcon;
				ASSETCATALOG_COMPILER_GLOBAL_ACCENT_COLOR_NAME = AccentColor;
				CODE_SIGN_STYLE = Automatic;
				CURRENT_PROJECT_VERSION = 1;
				DEVELOPMENT_ASSET_PATHS = "\"ColorPickerSUI/Preview Content\"";
				ENABLE_PREVIEWS = YES;
				GENERATE_INFOPLIST_FILE = YES;
				INFOPLIST_KEY_UIApplicationSceneManifest_Generation = YES;
				INFOPLIST_KEY_UIApplicationSupportsIndirectInputEvents = YES;
				INFOPLIST_KEY_UILaunchScreen_Generation = YES;
				INFOPLIST_KEY_UISupportedInterfaceOrientations_iPad = "UIInterfaceOrientationPortrait UIInterfaceOrientationPortraitUpsideDown UIInterfaceOrientationLandscapeLeft UIInterfaceOrientationLandscapeRight";
				INFOPLIST_KEY_UISupportedInterfaceOrientations_iPhone = "UIInterfaceOrientationPortrait UIInterfaceOrientationLandscapeLeft UIInterfaceOrientationLandscapeRight";
				LD_RUNPATH_SEARCH_PATHS = (
					"$(inherited)",
					"@executable_path/Frameworks",
				);
				MARKETING_VERSION = 1.0;
				PRODUCT_BUNDLE_IDENTIFIER = ru.rhiskey.ColorPickerSUI;
				PRODUCT_NAME = "$(TARGET_NAME)";
				SWIFT_EMIT_LOC_STRINGS = YES;
				SWIFT_VERSION = 5.0;
				TARGETED_DEVICE_FAMILY = "1,2";
			};
			name = Release;
		};
/* End XCBuildConfiguration section */

/* Begin XCConfigurationList section */
		5B71D3D9281D9AD200B89F77 /* Build configuration list for PBXProject "ColorPickerSUI" */ = {
			isa = XCConfigurationList;
			buildConfigurations = (
				5B71D3EA281D9AD400B89F77 /* Debug */,
				5B71D3EB281D9AD400B89F77 /* Release */,
			);
			defaultConfigurationIsVisible = 0;
			defaultConfigurationName = Release;
		};
		5B71D3EC281D9AD400B89F77 /* Build configuration list for PBXNativeTarget "ColorPickerSUI" */ = {
			isa = XCConfigurationList;
			buildConfigurations = (
				5B71D3ED281D9AD400B89F77 /* Debug */,
				5B71D3EE281D9AD400B89F77 /* Release */,
			);
			defaultConfigurationIsVisible = 0;
			defaultConfigurationName = Release;
		};
/* End XCConfigurationList section */
	};
	rootObject = 5B71D3D6281D9AD200B89F77 /* Project object */;
}
